
Microsoft Visual Studio Solution File, Format Version 12.00
# Visual Studio Version 17
VisualStudioVersion = 17.5.33627.172
MinimumVisualStudioVersion = 10.0.40219.1
Project("{FAE04EC0-301F-11D3-BF4B-00C04F79EFBC}") = "Server", "Server\Server.csproj", "{9297282F-C42C-4412-B681-2C06545CE21A}"
EndProject
Project("{FAE04EC0-301F-11D3-BF4B-00C04F79EFBC}") = "Client", "Client\Client.csproj", "{93FC5E7C-CCB2-4DA5-B6B5-707E49B15994}"
EndProject
Global
	GlobalSection(SolutionConfigurationPlatforms) = preSolution
		Debug|Any CPU = Debug|Any CPU
		Release|Any CPU = Release|Any CPU
	EndGlobalSection
	GlobalSection(ProjectConfigurationPlatforms) = postSolution
		{9297282F-C42C-4412-B681-2C06545CE21A}.Debug|Any CPU.ActiveCfg = Debug|Any CPU
		{9297282F-C42C-4412-B681-2C06545CE21A}.Debug|Any CPU.Build.0 = Debug|Any CPU
		{9297282F-C42C-4412-B681-2C06545CE21A}.Release|Any CPU.ActiveCfg = Release|Any CPU
		{9297282F-C42C-4412-B681-2C06545CE21A}.Release|Any CPU.Build.0 = Release|Any CPU
		{93FC5E7C-CCB2-4DA5-B6B5-707E49B15994}.Debug|Any CPU.ActiveCfg = Debug|Any CPU
		{93FC5E7C-CCB2-4DA5-B6B5-707E49B15994}.Debug|Any CPU.Build.0 = Debug|Any CPU
		{93FC5E7C-CCB2-4DA5-B6B5-707E49B15994}.Release|Any CPU.ActiveCfg = Release|Any CPU
		{93FC5E7C-CCB2-4DA5-B6B5-707E49B15994}.Release|Any CPU.Build.0 = Release|Any CPU
	EndGlobalSection
	GlobalSection(SolutionProperties) = preSolution
		HideSolutionNode = FALSE
	EndGlobalSection
	GlobalSection(ExtensibilityGlobals) = postSolution
		SolutionGuid = {7F056658-6BC5-409F-9CD6-C9FC2874B22F}
	EndGlobalSection
EndGlobal
